{
  "name": "se3313-final-project",
  "lockfileVersion": 3,
  "requires": true,
  "packages": {
    "": {
      "dependencies": {
        "python": "^0.0.4",
        "tkinter": "^0.0.2-security"
      }
    },
    "node_modules/python": {
      "version": "0.0.4",
      "resolved": "https://registry.npmjs.org/python/-/python-0.0.4.tgz",
      "integrity": "sha512-7avKA/6XxrwcGSDes8xGn7FHAUdAUQXKHtpjDulyv5/nm7TcPblmPRvXjjwx5knWHqeRiipqH/TZR2HhmJ4CGQ==",
      "engines": {
        "node": ">= 0.4.1"
      }
    },
    "node_modules/tkinter": {
      "version": "0.0.2-security",
      "resolved": "https://registry.npmjs.org/tkinter/-/tkinter-0.0.2-security.tgz",
      "integrity": "sha512-UkXsGCGdbiWduImQ2pmtU6QnHmICrD1nrEyI+Nfg85l+psxenZKGzjNs43uvNerz2qJBmIHgBmxFnHWFzXk2uw=="
    }
  }
}
